
Microsoft Visual Studio Solution File, Format Version 12.00
# Visual Studio Version 17
VisualStudioVersion = 17.0.31903.59
MinimumVisualStudioVersion = 10.0.40219.1
Project("{FAE04EC0-301F-11D3-BF4B-00C04F79EFBC}") = "SkillLink.API", "SkillLink.API\SkillLink.API.csproj", "{2E2480B6-EE75-4DB5-85AB-F4E4E4E2A2D5}"
EndProject
Project("{2150E333-8FDC-42A3-9474-1A3956D46DE8}") = "tests", "tests", "{FC077A3D-601F-40A5-94E7-1F230527CEC2}"
EndProject
Project("{FAE04EC0-301F-11D3-BF4B-00C04F79EFBC}") = "SkillLink.API.Tests", "tests\SkillLink.API.Tests\SkillLink.API.Tests.csproj", "{F4FA93AF-FDD2-4658-A8B5-F8181D3CF4F1}"
EndProject
Global
	GlobalSection(SolutionConfigurationPlatforms) = preSolution
		Debug|Any CPU = Debug|Any CPU
		Release|Any CPU = Release|Any CPU
	EndGlobalSection
	GlobalSection(SolutionProperties) = preSolution
		HideSolutionNode = FALSE
	EndGlobalSection
	GlobalSection(ProjectConfigurationPlatforms) = postSolution
		{2E2480B6-EE75-4DB5-85AB-F4E4E4E2A2D5}.Debug|Any CPU.ActiveCfg = Debug|Any CPU
		{2E2480B6-EE75-4DB5-85AB-F4E4E4E2A2D5}.Debug|Any CPU.Build.0 = Debug|Any CPU
		{2E2480B6-EE75-4DB5-85AB-F4E4E4E2A2D5}.Release|Any CPU.ActiveCfg = Release|Any CPU
		{2E2480B6-EE75-4DB5-85AB-F4E4E4E2A2D5}.Release|Any CPU.Build.0 = Release|Any CPU
		{F4FA93AF-FDD2-4658-A8B5-F8181D3CF4F1}.Debug|Any CPU.ActiveCfg = Debug|Any CPU
		{F4FA93AF-FDD2-4658-A8B5-F8181D3CF4F1}.Debug|Any CPU.Build.0 = Debug|Any CPU
		{F4FA93AF-FDD2-4658-A8B5-F8181D3CF4F1}.Release|Any CPU.ActiveCfg = Release|Any CPU
		{F4FA93AF-FDD2-4658-A8B5-F8181D3CF4F1}.Release|Any CPU.Build.0 = Release|Any CPU
	EndGlobalSection
	GlobalSection(NestedProjects) = preSolution
		{F4FA93AF-FDD2-4658-A8B5-F8181D3CF4F1} = {FC077A3D-601F-40A5-94E7-1F230527CEC2}
	EndGlobalSection
EndGlobal
